// !$*UTF8*$!
{
	archiveVersion = 1;
	classes = {
	};
	objectVersion = 46;
	objects = {

/* Begin PBXBuildFile section */
		91F91EC91C54E08000818B5C /* AppDelegate.swift in Sources */ = {isa = PBXBuildFile; fileRef = 91F91EC81C54E08000818B5C /* AppDelegate.swift */; };
		91F91ECB1C54E08000818B5C /* ViewController.swift in Sources */ = {isa = PBXBuildFile; fileRef = 91F91ECA1C54E08000818B5C /* ViewController.swift */; };
		91F91ECE1C54E08000818B5C /* Main.storyboard in Resources */ = {isa = PBXBuildFile; fileRef = 91F91ECC1C54E08000818B5C /* Main.storyboard */; };
		91F91ED01C54E08000818B5C /* Assets.xcassets in Resources */ = {isa = PBXBuildFile; fileRef = 91F91ECF1C54E08000818B5C /* Assets.xcassets */; };
		91F91ED31C54E08000818B5C /* LaunchScreen.storyboard in Resources */ = {isa = PBXBuildFile; fileRef = 91F91ED11C54E08000818B5C /* LaunchScreen.storyboard */; };
		91F91EDE1C54E08000818B5C /* TapperTests.swift in Sources */ = {isa = PBXBuildFile; fileRef = 91F91EDD1C54E08000818B5C /* TapperTests.swift */; };
		91F91EE91C54E08000818B5C /* TapperUITests.swift in Sources */ = {isa = PBXBuildFile; fileRef = 91F91EE81C54E08000818B5C /* TapperUITests.swift */; };
/* End PBXBuildFile section */

/* Begin PBXContainerItemProxy section */
		91F91EDA1C54E08000818B5C /* PBXContainerItemProxy */ = {
			isa = PBXContainerItemProxy;
			containerPortal = 91F91EBD1C54E08000818B5C /* Project object */;
			proxyType = 1;
			remoteGlobalIDString = 91F91EC41C54E08000818B5C;
			remoteInfo = Tapper;
		};
		91F91EE51C54E08000818B5C /* PBXContainerItemProxy */ = {
			isa = PBXContainerItemProxy;
			containerPortal = 91F91EBD1C54E08000818B5C /* Project object */;
			proxyType = 1;
			remoteGlobalIDString = 91F91EC41C54E08000818B5C;
			remoteInfo = Tapper;
		};
/* End PBXContainerItemProxy section */

/* Begin PBXFileReference section */
		91F91EC51C54E08000818B5C /* Tapper.app */ = {isa = PBXFileReference; explicitFileType = wrapper.application; includeInIndex = 0; path = Tapper.app; sourceTree = BUILT_PRODUCTS_DIR; };
		91F91EC81C54E08000818B5C /* AppDelegate.swift */ = {isa = PBXFileReference; lastKnownFileType = sourcecode.swift; path = AppDelegate.swift; sourceTree = "<group>"; };
		91F91ECA1C54E08000818B5C /* ViewController.swift */ = {isa = PBXFileReference; lastKnownFileType = sourcecode.swift; path = ViewController.swift; sourceTree = "<group>"; };
		91F91ECD1C54E08000818B5C /* Base */ = {isa = PBXFileReference; lastKnownFileType = file.storyboard; name = Base; path = Base.lproj/Main.storyboard; sourceTree = "<group>"; };
		91F91ECF1C54E08000818B5C /* Assets.xcassets */ = {isa = PBXFileReference; lastKnownFileType = folder.assetcatalog; path = Assets.xcassets; sourceTree = "<group>"; };
		91F91ED21C54E08000818B5C /* Base */ = {isa = PBXFileReference; lastKnownFileType = file.storyboard; name = Base; path = Base.lproj/LaunchScreen.storyboard; sourceTree = "<group>"; };
		91F91ED41C54E08000818B5C /* Info.plist */ = {isa = PBXFileReference; lastKnownFileType = text.plist.xml; path = Info.plist; sourceTree = "<group>"; };
		91F91ED91C54E08000818B5C /* TapperTests.xctest */ = {isa = PBXFileReference; explicitFileType = wrapper.cfbundle; includeInIndex = 0; path = TapperTests.xctest; sourceTree = BUILT_PRODUCTS_DIR; };
		91F91EDD1C54E08000818B5C /* TapperTests.swift */ = {isa = PBXFileReference; lastKnownFileType = sourcecode.swift; path = TapperTests.swift; sourceTree = "<group>"; };
		91F91EDF1C54E08000818B5C /* Info.plist */ = {isa = PBXFileReference; lastKnownFileType = text.plist.xml; path = Info.plist; sourceTree = "<group>"; };
		91F91EE41C54E08000818B5C /* TapperUITests.xctest */ = {isa = PBXFileReference; explicitFileType = wrapper.cfbundle; includeInIndex = 0; path = TapperUITests.xctest; sourceTree = BUILT_PRODUCTS_DIR; };
		91F91EE81C54E08000818B5C /* TapperUITests.swift */ = {isa = PBXFileReference; lastKnownFileType = sourcecode.swift; path = TapperUITests.swift; sourceTree = "<group>"; };
		91F91EEA1C54E08000818B5C /* Info.plist */ = {isa = PBXFileReference; lastKnownFileType = text.plist.xml; path = Info.plist; sourceTree = "<group>"; };
/* End PBXFileReference section */

/* Begin PBXFrameworksBuildPhase section */
		91F91EC21C54E08000818B5C /* Frameworks */ = {
			isa = PBXFrameworksBuildPhase;
			buildActionMask = 2147483647;
			files = (
			);
			runOnlyForDeploymentPostprocessing = 0;
		};
		91F91ED61C54E08000818B5C /* Frameworks */ = {
			isa = PBXFrameworksBuildPhase;
			buildActionMask = 2147483647;
			files = (
			);
			runOnlyForDeploymentPostprocessing = 0;
		};
		91F91EE11C54E08000818B5C /* Frameworks */ = {
			isa = PBXFrameworksBuildPhase;
			buildActionMask = 2147483647;
			files = (
			);
			runOnlyForDeploymentPostprocessing = 0;
		};
/* End PBXFrameworksBuildPhase section */

/* Begin PBXGroup section */
		91F91EBC1C54E08000818B5C = {
			isa = PBXGroup;
			children = (
				91F91EC71C54E08000818B5C /* Tapper */,
				91F91EDC1C54E08000818B5C /* TapperTests */,
				91F91EE71C54E08000818B5C /* TapperUITests */,
				91F91EC61C54E08000818B5C /* Products */,
			);
			sourceTree = "<group>";
		};
		91F91EC61C54E08000818B5C /* Products */ = {
			isa = PBXGroup;
			children = (
				91F91EC51C54E08000818B5C /* Tapper.app */,
				91F91ED91C54E08000818B5C /* TapperTests.xctest */,
				91F91EE41C54E08000818B5C /* TapperUITests.xctest */,
			);
			name = Products;
			sourceTree = "<group>";
		};
		91F91EC71C54E08000818B5C /* Tapper */ = {
			isa = PBXGroup;
			children = (
				91F91EC81C54E08000818B5C /* AppDelegate.swift */,
				91F91ECA1C54E08000818B5C /* ViewController.swift */,
				91F91ECC1C54E08000818B5C /* Main.storyboard */,
				91F91ECF1C54E08000818B5C /* Assets.xcassets */,
				91F91ED11C54E08000818B5C /* LaunchScreen.storyboard */,
				91F91ED41C54E08000818B5C /* Info.plist */,
			);
			path = Tapper;
			sourceTree = "<group>";
		};
		91F91EDC1C54E08000818B5C /* TapperTests */ = {
			isa = PBXGroup;
			children = (
				91F91EDD1C54E08000818B5C /* TapperTests.swift */,
				91F91EDF1C54E08000818B5C /* Info.plist */,
			);
			path = TapperTests;
			sourceTree = "<group>";
		};
		91F91EE71C54E08000818B5C /* TapperUITests */ = {
			isa = PBXGroup;
			children = (
				91F91EE81C54E08000818B5C /* TapperUITests.swift */,
				91F91EEA1C54E08000818B5C /* Info.plist */,
			);
			path = TapperUITests;
			sourceTree = "<group>";
		};
/* End PBXGroup section */

/* Begin PBXNativeTarget section */
		91F91EC41C54E08000818B5C /* Tapper */ = {
			isa = PBXNativeTarget;
			buildConfigurationList = 91F91EED1C54E08000818B5C /* Build configuration list for PBXNativeTarget "Tapper" */;
			buildPhases = (
				91F91EC11C54E08000818B5C /* Sources */,
				91F91EC21C54E08000818B5C /* Frameworks */,
				91F91EC31C54E08000818B5C /* Resources */,
			);
			buildRules = (
			);
			dependencies = (
			);
			name = Tapper;
			productName = Tapper;
			productReference = 91F91EC51C54E08000818B5C /* Tapper.app */;
			productType = "com.apple.product-type.application";
		};
		91F91ED81C54E08000818B5C /* TapperTests */ = {
			isa = PBXNativeTarget;
			buildConfigurationList = 91F91EF01C54E08000818B5C /* Build configuration list for PBXNativeTarget "TapperTests" */;
			buildPhases = (
				91F91ED51C54E08000818B5C /* Sources */,
				91F91ED61C54E08000818B5C /* Frameworks */,
				91F91ED71C54E08000818B5C /* Resources */,
			);
			buildRules = (
			);
			dependencies = (
				91F91EDB1C54E08000818B5C /* PBXTargetDependency */,
			);
			name = TapperTests;
			productName = TapperTests;
			productReference = 91F91ED91C54E08000818B5C /* TapperTests.xctest */;
			productType = "com.apple.product-type.bundle.unit-test";
		};
		91F91EE31C54E08000818B5C /* TapperUITests */ = {
			isa = PBXNativeTarget;
			buildConfigurationList = 91F91EF31C54E08000818B5C /* Build configuration list for PBXNativeTarget "TapperUITests" */;
			buildPhases = (
				91F91EE01C54E08000818B5C /* Sources */,
				91F91EE11C54E08000818B5C /* Frameworks */,
				91F91EE21C54E08000818B5C /* Resources */,
			);
			buildRules = (
			);
			dependencies = (
				91F91EE61C54E08000818B5C /* PBXTargetDependency */,
			);
			name = TapperUITests;
			productName = TapperUITests;
			productReference = 91F91EE41C54E08000818B5C /* TapperUITests.xctest */;
			productType = "com.apple.product-type.bundle.ui-testing";
		};
/* End PBXNativeTarget section */

/* Begin PBXProject section */
		91F91EBD1C54E08000818B5C /* Project object */ = {
			isa = PBXProject;
			attributes = {
				LastSwiftUpdateCheck = 0720;
				LastUpgradeCheck = 0720;
				ORGANIZATIONNAME = "Stanley Pan";
				TargetAttributes = {
					91F91EC41C54E08000818B5C = {
						CreatedOnToolsVersion = 7.2;
						DevelopmentTeam = P48JT8XFF3;
					};
					91F91ED81C54E08000818B5C = {
						CreatedOnToolsVersion = 7.2;
						DevelopmentTeam = P48JT8XFF3;
						TestTargetID = 91F91EC41C54E08000818B5C;
					};
					91F91EE31C54E08000818B5C = {
						CreatedOnToolsVersion = 7.2;
						DevelopmentTeam = P48JT8XFF3;
						TestTargetID = 91F91EC41C54E08000818B5C;
					};
				};
			};
			buildConfigurationList = 91F91EC01C54E08000818B5C /* Build configuration list for PBXProject "Tapper" */;
			compatibilityVersion = "Xcode 3.2";
			developmentRegion = English;
			hasScannedForEncodings = 0;
			knownRegions = (
				en,
				Base,
			);
			mainGroup = 91F91EBC1C54E08000818B5C;
			productRefGroup = 91F91EC61C54E08000818B5C /* Products */;
			projectDirPath = "";
			projectRoot = "";
			targets = (
				91F91EC41C54E08000818B5C /* Tapper */,
				91F91ED81C54E08000818B5C /* TapperTests */,
				91F91EE31C54E08000818B5C /* TapperUITests */,
			);
		};
/* End PBXProject section */

/* Begin PBXResourcesBuildPhase section */
		91F91EC31C54E08000818B5C /* Resources */ = {
			isa = PBXResourcesBuildPhase;
			buildActionMask = 2147483647;
			files = (
				91F91ED31C54E08000818B5C /* LaunchScreen.storyboard in Resources */,
				91F91ED01C54E08000818B5C /* Assets.xcassets in Resources */,
				91F91ECE1C54E08000818B5C /* Main.storyboard in Resources */,
			);
			runOnlyForDeploymentPostprocessing = 0;
		};
		91F91ED71C54E08000818B5C /* Resources */ = {
			isa = PBXResourcesBuildPhase;
			buildActionMask = 2147483647;
			files = (
			);
			runOnlyForDeploymentPostprocessing = 0;
		};
		91F91EE21C54E08000818B5C /* Resources */ = {
			isa = PBXResourcesBuildPhase;
			buildActionMask = 2147483647;
			files = (
			);
			runOnlyForDeploymentPostprocessing = 0;
		};
/* End PBXResourcesBuildPhase section */

/* Begin PBXSourcesBuildPhase section */
		91F91EC11C54E08000818B5C /* Sources */ = {
			isa = PBXSourcesBuildPhase;
			buildActionMask = 2147483647;
			files = (
				91F91ECB1C54E08000818B5C /* ViewController.swift in Sources */,
				91F91EC91C54E08000818B5C /* AppDelegate.swift in Sources */,
			);
			runOnlyForDeploymentPostprocessing = 0;
		};
		91F91ED51C54E08000818B5C /* Sources */ = {
			isa = PBXSourcesBuildPhase;
			buildActionMask = 2147483647;
			files = (
				91F91EDE1C54E08000818B5C /* TapperTests.swift in Sources */,
			);
			runOnlyForDeploymentPostprocessing = 0;
		};
		91F91EE01C54E08000818B5C /* Sources */ = {
			isa = PBXSourcesBuildPhase;
			buildActionMask = 2147483647;
			files = (
				91F91EE91C54E08000818B5C /* TapperUITests.swift in Sources */,
			);
			runOnlyForDeploymentPostprocessing = 0;
		};
/* End PBXSourcesBuildPhase section */

/* Begin PBXTargetDependency section */
		91F91EDB1C54E08000818B5C /* PBXTargetDependency */ = {
			isa = PBXTargetDependency;
			target = 91F91EC41C54E08000818B5C /* Tapper */;
			targetProxy = 91F91EDA1C54E08000818B5C /* PBXContainerItemProxy */;
		};
		91F91EE61C54E08000818B5C /* PBXTargetDependency */ = {
			isa = PBXTargetDependency;
			target = 91F91EC41C54E08000818B5C /* Tapper */;
			targetProxy = 91F91EE51C54E08000818B5C /* PBXContainerItemProxy */;
		};
/* End PBXTargetDependency section */

/* Begin PBXVariantGroup section */
		91F91ECC1C54E08000818B5C /* Main.storyboard */ = {
			isa = PBXVariantGroup;
			children = (
				91F91ECD1C54E08000818B5C /* Base */,
			);
			name = Main.storyboard;
			sourceTree = "<group>";
		};
		91F91ED11C54E08000818B5C /* LaunchScreen.storyboard */ = {
			isa = PBXVariantGroup;
			children = (
				91F91ED21C54E08000818B5C /* Base */,
			);
			name = LaunchScreen.storyboard;
			sourceTree = "<group>";
		};
/* End PBXVariantGroup section */

/* Begin XCBuildConfiguration section */
		91F91EEB1C54E08000818B5C /* Debug */ = {
			isa = XCBuildConfiguration;
			buildSettings = {
				ALWAYS_SEARCH_USER_PATHS = NO;
				CLANG_CXX_LANGUAGE_STANDARD = "gnu++0x";
				CLANG_CXX_LIBRARY = "libc++";
				CLANG_ENABLE_MODULES = YES;
				CLANG_ENABLE_OBJC_ARC = YES;
				CLANG_WARN_BOOL_CONVERSION = YES;
				CLANG_WARN_CONSTANT_CONVERSION = YES;
				CLANG_WARN_DIRECT_OBJC_ISA_USAGE = YES_ERROR;
				CLANG_WARN_EMPTY_BODY = YES;
				CLANG_WARN_ENUM_CONVERSION = YES;
				CLANG_WARN_INT_CONVERSION = YES;
				CLANG_WARN_OBJC_ROOT_CLASS = YES_ERROR;
				CLANG_WARN_UNREACHABLE_CODE = YES;
				CLANG_WARN__DUPLICATE_METHOD_MATCH = YES;
				"CODE_SIGN_IDENTITY[sdk=iphoneos*]" = "iPhone Developer";
				COPY_PHASE_STRIP = NO;
				DEBUG_INFORMATION_FORMAT = dwarf;
				ENABLE_STRICT_OBJC_MSGSEND = YES;
				ENABLE_TESTABILITY = YES;
				GCC_C_LANGUAGE_STANDARD = gnu99;
				GCC_DYNAMIC_NO_PIC = NO;
				GCC_NO_COMMON_BLOCKS = YES;
				GCC_OPTIMIZATION_LEVEL = 0;
				GCC_PREPROCESSOR_DEFINITIONS = (
					"DEBUG=1",
					"$(inherited)",
				);
				GCC_WARN_64_TO_32_BIT_CONVERSION = YES;
				GCC_WARN_ABOUT_RETURN_TYPE = YES_ERROR;
				GCC_WARN_UNDECLARED_SELECTOR = YES;
				GCC_WARN_UNINITIALIZED_AUTOS = YES_AGGRESSIVE;
				GCC_WARN_UNUSED_FUNCTION = YES;
				GCC_WARN_UNUSED_VARIABLE = YES;
				IPHONEOS_DEPLOYMENT_TARGET = 9.2;
				MTL_ENABLE_DEBUG_INFO = YES;
				ONLY_ACTIVE_ARCH = YES;
				SDKROOT = iphoneos;
				SWIFT_OPTIMIZATION_LEVEL = "-Onone";
			};
			name = Debug;
		};
		91F91EEC1C54E08000818B5C /* Release */ = {
			isa = XCBuildConfiguration;
			buildSettings = {
				ALWAYS_SEARCH_USER_PATHS = NO;
				CLANG_CXX_LANGUAGE_STANDARD = "gnu++0x";
				CLANG_CXX_LIBRARY = "libc++";
				CLANG_ENABLE_MODULES = YES;
				CLANG_ENABLE_OBJC_ARC = YES;
				CLANG_WARN_BOOL_CONVERSION = YES;
				CLANG_WARN_CONSTANT_CONVERSION = YES;
				CLANG_WARN_DIRECT_OBJC_ISA_USAGE = YES_ERROR;
				CLANG_WARN_EMPTY_BODY = YES;
				CLANG_WARN_ENUM_CONVERSION = YES;
				CLANG_WARN_INT_CONVERSION = YES;
				CLANG_WARN_OBJC_ROOT_CLASS = YES_ERROR;
				CLANG_WARN_UNREACHABLE_CODE = YES;
				CLANG_WARN__DUPLICATE_METHOD_MATCH = YES;
				"CODE_SIGN_IDENTITY[sdk=iphoneos*]" = "iPhone Developer";
				COPY_PHASE_STRIP = NO;
				DEBUG_INFORMATION_FORMAT = "dwarf-with-dsym";
				ENABLE_NS_ASSERTIONS = NO;
				ENABLE_STRICT_OBJC_MSGSEND = YES;
				GCC_C_LANGUAGE_STANDARD = gnu99;
				GCC_NO_COMMON_BLOCKS = YES;
				GCC_WARN_64_TO_32_BIT_CONVERSION = YES;
				GCC_WARN_ABOUT_RETURN_TYPE = YES_ERROR;
				GCC_WARN_UNDECLARED_SELECTOR = YES;
				GCC_WARN_UNINITIALIZED_AUTOS = YES_AGGRESSIVE;
				GCC_WARN_UNUSED_FUNCTION = YES;
				GCC_WARN_UNUSED_VARIABLE = YES;
				IPHONEOS_DEPLOYMENT_TARGET = 9.2;
				MTL_ENABLE_DEBUG_INFO = NO;
				SDKROOT = iphoneos;
				VALIDATE_PRODUCT = YES;
			};
			name = Release;
		};
		91F91EEE1C54E08000818B5C /* Debug */ = {
			isa = XCBuildConfiguration;
			buildSettings = {
				ASSETCATALOG_COMPILER_APPICON_NAME = AppIcon;
				INFOPLIST_FILE = Tapper/Info.plist;
				LD_RUNPATH_SEARCH_PATHS = "$(inherited) @executable_path/Frameworks";
				PRODUCT_BUNDLE_IDENTIFIER = com.github.iMoment.Tapper;
				PRODUCT_NAME = "$(TARGET_NAME)";
			};
			name = Debug;
		};
		91F91EEF1C54E08000818B5C /* Release */ = {
			isa = XCBuildConfiguration;
			buildSettings = {
				ASSETCATALOG_COMPILER_APPICON_NAME = AppIcon;
				INFOPLIST_FILE = Tapper/Info.plist;
				LD_RUNPATH_SEARCH_PATHS = "$(inherited) @executable_path/Frameworks";
				PRODUCT_BUNDLE_IDENTIFIER = com.github.iMoment.Tapper;
				PRODUCT_NAME = "$(TARGET_NAME)";
			};
			name = Release;
		};
		91F91EF11C54E08000818B5C /* Debug */ = {
			isa = XCBuildConfiguration;
			buildSettings = {
				BUNDLE_LOADER = "$(TEST_HOST)";
				INFOPLIST_FILE = TapperTests/Info.plist;
				LD_RUNPATH_SEARCH_PATHS = "$(inherited) @executable_path/Frameworks @loader_path/Frameworks";
				PRODUCT_BUNDLE_IDENTIFIER = com.github.iMoment.TapperTests;
				PRODUCT_NAME = "$(TARGET_NAME)";
				TEST_HOST = "$(BUILT_PRODUCTS_DIR)/Tapper.app/Tapper";
			};
			name = Debug;
		};
		91F91EF21C54E08000818B5C /* Release */ = {
			isa = XCBuildConfiguration;
			buildSettings = {
				BUNDLE_LOADER = "$(TEST_HOST)";
				INFOPLIST_FILE = TapperTests/Info.plist;
				LD_RUNPATH_SEARCH_PATHS = "$(inherited) @executable_path/Frameworks @loader_path/Frameworks";
				PRODUCT_BUNDLE_IDENTIFIER = com.github.iMoment.TapperTests;
				PRODUCT_NAME = "$(TARGET_NAME)";
				TEST_HOST = "$(BUILT_PRODUCTS_DIR)/Tapper.app/Tapper";
			};
			name = Release;
		};
		91F91EF41C54E08000818B5C /* Debug */ = {
			isa = XCBuildConfiguration;
			buildSettings = {
				INFOPLIST_FILE = TapperUITests/Info.plist;
				LD_RUNPATH_SEARCH_PATHS = "$(inherited) @executable_path/Frameworks @loader_path/Frameworks";
				PRODUCT_BUNDLE_IDENTIFIER = com.github.iMoment.TapperUITests;
				PRODUCT_NAME = "$(TARGET_NAME)";
				TEST_TARGET_NAME = Tapper;
				USES_XCTRUNNER = YES;
			};
			name = Debug;
		};
		91F91EF51C54E08000818B5C /* Release */ = {
			isa = XCBuildConfiguration;
			buildSettings = {
				INFOPLIST_FILE = TapperUITests/Info.plist;
				LD_RUNPATH_SEARCH_PATHS = "$(inherited) @executable_path/Frameworks @loader_path/Frameworks";
				PRODUCT_BUNDLE_IDENTIFIER = com.github.iMoment.TapperUITests;
				PRODUCT_NAME = "$(TARGET_NAME)";
				TEST_TARGET_NAME = Tapper;
				USES_XCTRUNNER = YES;
			};
			name = Release;
		};
/* End XCBuildConfiguration section */

/* Begin XCConfigurationList section */
		91F91EC01C54E08000818B5C /* Build configuration list for PBXProject "Tapper" */ = {
			isa = XCConfigurationList;
			buildConfigurations = (
				91F91EEB1C54E08000818B5C /* Debug */,
				91F91EEC1C54E08000818B5C /* Release */,
			);
			defaultConfigurationIsVisible = 0;
			defaultConfigurationName = Release;
		};
		91F91EED1C54E08000818B5C /* Build configuration list for PBXNativeTarget "Tapper" */ = {
			isa = XCConfigurationList;
			buildConfigurations = (
				91F91EEE1C54E08000818B5C /* Debug */,
				91F91EEF1C54E08000818B5C /* Release */,
			);
			defaultConfigurationIsVisible = 0;
		};
		91F91EF01C54E08000818B5C /* Build configuration list for PBXNativeTarget "TapperTests" */ = {
			isa = XCConfigurationList;
			buildConfigurations = (
				91F91EF11C54E08000818B5C /* Debug */,
				91F91EF21C54E08000818B5C /* Release */,
			);
			defaultConfigurationIsVisible = 0;
		};
		91F91EF31C54E08000818B5C /* Build configuration list for PBXNativeTarget "TapperUITests" */ = {
			isa = XCConfigurationList;
			buildConfigurations = (
				91F91EF41C54E08000818B5C /* Debug */,
				91F91EF51C54E08000818B5C /* Release */,
			);
			defaultConfigurationIsVisible = 0;
		};
/* End XCConfigurationList section */
	};
	rootObject = 91F91EBD1C54E08000818B5C /* Project object */;
}
